
Microsoft Visual Studio Solution File, Format Version 12.00
# Visual Studio 14
VisualStudioVersion = 14.0.25420.1
MinimumVisualStudioVersion = 10.0.40219.1
Project("{FAE04EC0-301F-11D3-BF4B-00C04F79EFBC}") = "ScheduledTask", "ScheduledTask\ScheduledTask.csproj", "{A97DE5FB-E545-4253-8B1D-E448D4238957}"
EndProject
Project("{FAE04EC0-301F-11D3-BF4B-00C04F79EFBC}") = "TestScheduler", "TestScheduler\TestScheduler.csproj", "{32A2A469-996D-433B-83F6-50E1DBA9F0BD}"
EndProject
Global
	GlobalSection(SolutionConfigurationPlatforms) = preSolution
		Debug|Any CPU = Debug|Any CPU
		Release|Any CPU = Release|Any CPU
	EndGlobalSection
	GlobalSection(ProjectConfigurationPlatforms) = postSolution
		{A97DE5FB-E545-4253-8B1D-E448D4238957}.Debug|Any CPU.ActiveCfg = Debug|Any CPU
		{A97DE5FB-E545-4253-8B1D-E448D4238957}.Debug|Any CPU.Build.0 = Debug|Any CPU
		{A97DE5FB-E545-4253-8B1D-E448D4238957}.Release|Any CPU.ActiveCfg = Release|Any CPU
		{A97DE5FB-E545-4253-8B1D-E448D4238957}.Release|Any CPU.Build.0 = Release|Any CPU
		{32A2A469-996D-433B-83F6-50E1DBA9F0BD}.Debug|Any CPU.ActiveCfg = Debug|Any CPU
		{32A2A469-996D-433B-83F6-50E1DBA9F0BD}.Debug|Any CPU.Build.0 = Debug|Any CPU
		{32A2A469-996D-433B-83F6-50E1DBA9F0BD}.Release|Any CPU.ActiveCfg = Release|Any CPU
		{32A2A469-996D-433B-83F6-50E1DBA9F0BD}.Release|Any CPU.Build.0 = Release|Any CPU
	EndGlobalSection
	GlobalSection(SolutionProperties) = preSolution
		HideSolutionNode = FALSE
	EndGlobalSection
EndGlobal
